// !$*UTF8*$!
{
	archiveVersion = 1;
	classes = {
	};
	objectVersion = 56;
	objects = {

/* Begin PBXBuildFile section */
		C5139FB02B837D3600D7816D /* 5_3.cpp in Sources */ = {isa = PBXBuildFile; fileRef = C5139FAE2B837D3600D7816D /* 5_3.cpp */; };
		C57BD86E2B809DB500A8844F /* main.cpp in Sources */ = {isa = PBXBuildFile; fileRef = C57BD86D2B809DB500A8844F /* main.cpp */; };
		C57BD87C2B80F77F00A8844F /* 3_4.cpp in Sources */ = {isa = PBXBuildFile; fileRef = C57BD87A2B80F77F00A8844F /* 3_4.cpp */; };
/* End PBXBuildFile section */

/* Begin PBXCopyFilesBuildPhase section */
		C57BD8682B809DB500A8844F /* CopyFiles */ = {
			isa = PBXCopyFilesBuildPhase;
			buildActionMask = 2147483647;
			dstPath = /usr/share/man/man1/;
			dstSubfolderSpec = 0;
			files = (
			);
			runOnlyForDeploymentPostprocessing = 1;
		};
/* End PBXCopyFilesBuildPhase section */

/* Begin PBXFileReference section */
		C5139FAE2B837D3600D7816D /* 5_3.cpp */ = {isa = PBXFileReference; lastKnownFileType = sourcecode.cpp.cpp; path = 5_3.cpp; sourceTree = "<group>"; };
		C5139FAF2B837D3600D7816D /* 5_3.hpp */ = {isa = PBXFileReference; lastKnownFileType = sourcecode.cpp.h; path = 5_3.hpp; sourceTree = "<group>"; };
		C57BD86A2B809DB500A8844F /* STROUSTRUPX */ = {isa = PBXFileReference; explicitFileType = "compiled.mach-o.executable"; includeInIndex = 0; path = STROUSTRUPX; sourceTree = BUILT_PRODUCTS_DIR; };
		C57BD86D2B809DB500A8844F /* main.cpp */ = {isa = PBXFileReference; lastKnownFileType = sourcecode.cpp.cpp; path = main.cpp; sourceTree = "<group>"; };
		C57BD87A2B80F77F00A8844F /* 3_4.cpp */ = {isa = PBXFileReference; lastKnownFileType = sourcecode.cpp.cpp; path = 3_4.cpp; sourceTree = "<group>"; };
		C57BD87B2B80F77F00A8844F /* 3_4.hpp */ = {isa = PBXFileReference; lastKnownFileType = sourcecode.cpp.h; path = 3_4.hpp; sourceTree = "<group>"; };
/* End PBXFileReference section */

/* Begin PBXFrameworksBuildPhase section */
		C57BD8672B809DB500A8844F /* Frameworks */ = {
			isa = PBXFrameworksBuildPhase;
			buildActionMask = 2147483647;
			files = (
			);
			runOnlyForDeploymentPostprocessing = 0;
		};
/* End PBXFrameworksBuildPhase section */

/* Begin PBXGroup section */
		C57BD8612B809DB500A8844F = {
			isa = PBXGroup;
			children = (
				C57BD86C2B809DB500A8844F /* STROUSTRUPX */,
				C57BD86B2B809DB500A8844F /* Products */,
			);
			sourceTree = "<group>";
		};
		C57BD86B2B809DB500A8844F /* Products */ = {
			isa = PBXGroup;
			children = (
				C57BD86A2B809DB500A8844F /* STROUSTRUPX */,
			);
			name = Products;
			sourceTree = "<group>";
		};
		C57BD86C2B809DB500A8844F /* STROUSTRUPX */ = {
			isa = PBXGroup;
			children = (
				C57BD86D2B809DB500A8844F /* main.cpp */,
				C57BD87A2B80F77F00A8844F /* 3_4.cpp */,
				C57BD87B2B80F77F00A8844F /* 3_4.hpp */,
				C5139FAE2B837D3600D7816D /* 5_3.cpp */,
				C5139FAF2B837D3600D7816D /* 5_3.hpp */,
			);
			path = STROUSTRUPX;
			sourceTree = "<group>";
		};
/* End PBXGroup section */

/* Begin PBXNativeTarget section */
		C57BD8692B809DB500A8844F /* STROUSTRUPX */ = {
			isa = PBXNativeTarget;
			buildConfigurationList = C57BD8712B809DB500A8844F /* Build configuration list for PBXNativeTarget "STROUSTRUPX" */;
			buildPhases = (
				C57BD8662B809DB500A8844F /* Sources */,
				C57BD8672B809DB500A8844F /* Frameworks */,
				C57BD8682B809DB500A8844F /* CopyFiles */,
			);
			buildRules = (
			);
			dependencies = (
			);
			name = STROUSTRUPX;
			productName = STROUSTRUPX;
			productReference = C57BD86A2B809DB500A8844F /* STROUSTRUPX */;
			productType = "com.apple.product-type.tool";
		};
/* End PBXNativeTarget section */

/* Begin PBXProject section */
		C57BD8622B809DB500A8844F /* Project object */ = {
			isa = PBXProject;
			attributes = {
				BuildIndependentTargetsInParallel = 1;
				LastUpgradeCheck = 1430;
				TargetAttributes = {
					C57BD8692B809DB500A8844F = {
						CreatedOnToolsVersion = 14.3.1;
					};
				};
			};
			buildConfigurationList = C57BD8652B809DB500A8844F /* Build configuration list for PBXProject "STROUSTRUPX" */;
			compatibilityVersion = "Xcode 14.0";
			developmentRegion = en;
			hasScannedForEncodings = 0;
			knownRegions = (
				en,
				Base,
			);
			mainGroup = C57BD8612B809DB500A8844F;
			productRefGroup = C57BD86B2B809DB500A8844F /* Products */;
			projectDirPath = "";
			projectRoot = "";
			targets = (
				C57BD8692B809DB500A8844F /* STROUSTRUPX */,
			);
		};
/* End PBXProject section */

/* Begin PBXSourcesBuildPhase section */
		C57BD8662B809DB500A8844F /* Sources */ = {
			isa = PBXSourcesBuildPhase;
			buildActionMask = 2147483647;
			files = (
				C5139FB02B837D3600D7816D /* 5_3.cpp in Sources */,
				C57BD87C2B80F77F00A8844F /* 3_4.cpp in Sources */,
				C57BD86E2B809DB500A8844F /* main.cpp in Sources */,
			);
			runOnlyForDeploymentPostprocessing = 0;
		};
/* End PBXSourcesBuildPhase section */

/* Begin XCBuildConfiguration section */
		C57BD86F2B809DB500A8844F /* Debug */ = {
			isa = XCBuildConfiguration;
			buildSettings = {
				ALWAYS_SEARCH_USER_PATHS = NO;
				CLANG_ANALYZER_NONNULL = YES;
				CLANG_ANALYZER_NUMBER_OBJECT_CONVERSION = YES_AGGRESSIVE;
				CLANG_CXX_LANGUAGE_STANDARD = "gnu++20";
				CLANG_ENABLE_MODULES = YES;
				CLANG_ENABLE_OBJC_ARC = YES;
				CLANG_ENABLE_OBJC_WEAK = YES;
				CLANG_WARN_BLOCK_CAPTURE_AUTORELEASING = YES;
				CLANG_WARN_BOOL_CONVERSION = YES;
				CLANG_WARN_COMMA = YES;
				CLANG_WARN_CONSTANT_CONVERSION = YES;
				CLANG_WARN_DEPRECATED_OBJC_IMPLEMENTATIONS = YES;
				CLANG_WARN_DIRECT_OBJC_ISA_USAGE = YES_ERROR;
				CLANG_WARN_DOCUMENTATION_COMMENTS = YES;
				CLANG_WARN_EMPTY_BODY = YES;
				CLANG_WARN_ENUM_CONVERSION = YES;
				CLANG_WARN_INFINITE_RECURSION = YES;
				CLANG_WARN_INT_CONVERSION = YES;
				CLANG_WARN_NON_LITERAL_NULL_CONVERSION = YES;
				CLANG_WARN_OBJC_IMPLICIT_RETAIN_SELF = YES;
				CLANG_WARN_OBJC_LITERAL_CONVERSION = YES;
				CLANG_WARN_OBJC_ROOT_CLASS = YES_ERROR;
				CLANG_WARN_QUOTED_INCLUDE_IN_FRAMEWORK_HEADER = YES;
				CLANG_WARN_RANGE_LOOP_ANALYSIS = YES;
				CLANG_WARN_STRICT_PROTOTYPES = YES;
				CLANG_WARN_SUSPICIOUS_MOVE = YES;
				CLANG_WARN_UNGUARDED_AVAILABILITY = YES_AGGRESSIVE;
				CLANG_WARN_UNREACHABLE_CODE = YES;
				CLANG_WARN__DUPLICATE_METHOD_MATCH = YES;
				COPY_PHASE_STRIP = NO;
				DEBUG_INFORMATION_FORMAT = dwarf;
				ENABLE_STRICT_OBJC_MSGSEND = YES;
				ENABLE_TESTABILITY = YES;
				GCC_C_LANGUAGE_STANDARD = gnu11;
				GCC_DYNAMIC_NO_PIC = NO;
				GCC_NO_COMMON_BLOCKS = YES;
				GCC_OPTIMIZATION_LEVEL = 0;
				GCC_PREPROCESSOR_DEFINITIONS = (
					"DEBUG=1",
					"$(inherited)",
				);
				GCC_WARN_64_TO_32_BIT_CONVERSION = YES;
				GCC_WARN_ABOUT_RETURN_TYPE = YES_ERROR;
				GCC_WARN_UNDECLARED_SELECTOR = YES;
				GCC_WARN_UNINITIALIZED_AUTOS = YES_AGGRESSIVE;
				GCC_WARN_UNUSED_FUNCTION = YES;
				GCC_WARN_UNUSED_VARIABLE = YES;
				MACOSX_DEPLOYMENT_TARGET = 13.3;
				MTL_ENABLE_DEBUG_INFO = INCLUDE_SOURCE;
				MTL_FAST_MATH = YES;
				ONLY_ACTIVE_ARCH = YES;
				SDKROOT = macosx;
			};
			name = Debug;
		};
		C57BD8702B809DB500A8844F /* Release */ = {
			isa = XCBuildConfiguration;
			buildSettings = {
				ALWAYS_SEARCH_USER_PATHS = NO;
				CLANG_ANALYZER_NONNULL = YES;
				CLANG_ANALYZER_NUMBER_OBJECT_CONVERSION = YES_AGGRESSIVE;
				CLANG_CXX_LANGUAGE_STANDARD = "gnu++20";
				CLANG_ENABLE_MODULES = YES;
				CLANG_ENABLE_OBJC_ARC = YES;
				CLANG_ENABLE_OBJC_WEAK = YES;
				CLANG_WARN_BLOCK_CAPTURE_AUTORELEASING = YES;
				CLANG_WARN_BOOL_CONVERSION = YES;
				CLANG_WARN_COMMA = YES;
				CLANG_WARN_CONSTANT_CONVERSION = YES;
				CLANG_WARN_DEPRECATED_OBJC_IMPLEMENTATIONS = YES;
				CLANG_WARN_DIRECT_OBJC_ISA_USAGE = YES_ERROR;
				CLANG_WARN_DOCUMENTATION_COMMENTS = YES;
				CLANG_WARN_EMPTY_BODY = YES;
				CLANG_WARN_ENUM_CONVERSION = YES;
				CLANG_WARN_INFINITE_RECURSION = YES;
				CLANG_WARN_INT_CONVERSION = YES;
				CLANG_WARN_NON_LITERAL_NULL_CONVERSION = YES;
				CLANG_WARN_OBJC_IMPLICIT_RETAIN_SELF = YES;
				CLANG_WARN_OBJC_LITERAL_CONVERSION = YES;
				CLANG_WARN_OBJC_ROOT_CLASS = YES_ERROR;
				CLANG_WARN_QUOTED_INCLUDE_IN_FRAMEWORK_HEADER = YES;
				CLANG_WARN_RANGE_LOOP_ANALYSIS = YES;
				CLANG_WARN_STRICT_PROTOTYPES = YES;
				CLANG_WARN_SUSPICIOUS_MOVE = YES;
				CLANG_WARN_UNGUARDED_AVAILABILITY = YES_AGGRESSIVE;
				CLANG_WARN_UNREACHABLE_CODE = YES;
				CLANG_WARN__DUPLICATE_METHOD_MATCH = YES;
				COPY_PHASE_STRIP = NO;
				DEBUG_INFORMATION_FORMAT = "dwarf-with-dsym";
				ENABLE_NS_ASSERTIONS = NO;
				ENABLE_STRICT_OBJC_MSGSEND = YES;
				GCC_C_LANGUAGE_STANDARD = gnu11;
				GCC_NO_COMMON_BLOCKS = YES;
				GCC_WARN_64_TO_32_BIT_CONVERSION = YES;
				GCC_WARN_ABOUT_RETURN_TYPE = YES_ERROR;
				GCC_WARN_UNDECLARED_SELECTOR = YES;
				GCC_WARN_UNINITIALIZED_AUTOS = YES_AGGRESSIVE;
				GCC_WARN_UNUSED_FUNCTION = YES;
				GCC_WARN_UNUSED_VARIABLE = YES;
				MACOSX_DEPLOYMENT_TARGET = 13.3;
				MTL_ENABLE_DEBUG_INFO = NO;
				MTL_FAST_MATH = YES;
				SDKROOT = macosx;
			};
			name = Release;
		};
		C57BD8722B809DB500A8844F /* Debug */ = {
			isa = XCBuildConfiguration;
			buildSettings = {
				CODE_SIGN_STYLE = Automatic;
				PRODUCT_NAME = "$(TARGET_NAME)";
			};
			name = Debug;
		};
		C57BD8732B809DB500A8844F /* Release */ = {
			isa = XCBuildConfiguration;
			buildSettings = {
				CODE_SIGN_STYLE = Automatic;
				PRODUCT_NAME = "$(TARGET_NAME)";
			};
			name = Release;
		};
/* End XCBuildConfiguration section */

/* Begin XCConfigurationList section */
		C57BD8652B809DB500A8844F /* Build configuration list for PBXProject "STROUSTRUPX" */ = {
			isa = XCConfigurationList;
			buildConfigurations = (
				C57BD86F2B809DB500A8844F /* Debug */,
				C57BD8702B809DB500A8844F /* Release */,
			);
			defaultConfigurationIsVisible = 0;
			defaultConfigurationName = Release;
		};
		C57BD8712B809DB500A8844F /* Build configuration list for PBXNativeTarget "STROUSTRUPX" */ = {
			isa = XCConfigurationList;
			buildConfigurations = (
				C57BD8722B809DB500A8844F /* Debug */,
				C57BD8732B809DB500A8844F /* Release */,
			);
			defaultConfigurationIsVisible = 0;
			defaultConfigurationName = Release;
		};
/* End XCConfigurationList section */
	};
	rootObject = C57BD8622B809DB500A8844F /* Project object */;
}
